// !$*UTF8*$!
{
	archiveVersion = 1;
	classes = {
	};
	objectVersion = 50;
	objects = {

/* Begin PBXBuildFile section */
		D97715CF23E5EA3800F762E2 /* AppDelegate.swift in Sources */ = {isa = PBXBuildFile; fileRef = D97715CE23E5EA3800F762E2 /* AppDelegate.swift */; };
		D97715D123E5EA3800F762E2 /* SceneDelegate.swift in Sources */ = {isa = PBXBuildFile; fileRef = D97715D023E5EA3800F762E2 /* SceneDelegate.swift */; };
		D97715D323E5EA3800F762E2 /* RecordSoundsViewController.swift in Sources */ = {isa = PBXBuildFile; fileRef = D97715D223E5EA3800F762E2 /* RecordSoundsViewController.swift */; };
		D97715D623E5EA3800F762E2 /* Main.storyboard in Resources */ = {isa = PBXBuildFile; fileRef = D97715D423E5EA3800F762E2 /* Main.storyboard */; };
		D97715D823E5EA3900F762E2 /* Assets.xcassets in Resources */ = {isa = PBXBuildFile; fileRef = D97715D723E5EA3900F762E2 /* Assets.xcassets */; };
		D97715DB23E5EA3900F762E2 /* LaunchScreen.storyboard in Resources */ = {isa = PBXBuildFile; fileRef = D97715D923E5EA3900F762E2 /* LaunchScreen.storyboard */; };
		D97715E323E6044500F762E2 /* PlaySoundsViewController.swift in Sources */ = {isa = PBXBuildFile; fileRef = D97715E223E6044500F762E2 /* PlaySoundsViewController.swift */; };
/* End PBXBuildFile section */

/* Begin PBXFileReference section */
		D97715CB23E5EA3800F762E2 /* VoiceRecorderApp.app */ = {isa = PBXFileReference; explicitFileType = wrapper.application; includeInIndex = 0; path = VoiceRecorderApp.app; sourceTree = BUILT_PRODUCTS_DIR; };
		D97715CE23E5EA3800F762E2 /* AppDelegate.swift */ = {isa = PBXFileReference; lastKnownFileType = sourcecode.swift; path = AppDelegate.swift; sourceTree = "<group>"; };
		D97715D023E5EA3800F762E2 /* SceneDelegate.swift */ = {isa = PBXFileReference; lastKnownFileType = sourcecode.swift; path = SceneDelegate.swift; sourceTree = "<group>"; };
		D97715D223E5EA3800F762E2 /* RecordSoundsViewController.swift */ = {isa = PBXFileReference; lastKnownFileType = sourcecode.swift; path = RecordSoundsViewController.swift; sourceTree = "<group>"; };
		D97715D523E5EA3800F762E2 /* Base */ = {isa = PBXFileReference; lastKnownFileType = file.storyboard; name = Base; path = Base.lproj/Main.storyboard; sourceTree = "<group>"; };
		D97715D723E5EA3900F762E2 /* Assets.xcassets */ = {isa = PBXFileReference; lastKnownFileType = folder.assetcatalog; path = Assets.xcassets; sourceTree = "<group>"; };
		D97715DA23E5EA3900F762E2 /* Base */ = {isa = PBXFileReference; lastKnownFileType = file.storyboard; name = Base; path = Base.lproj/LaunchScreen.storyboard; sourceTree = "<group>"; };
		D97715DC23E5EA3900F762E2 /* Info.plist */ = {isa = PBXFileReference; lastKnownFileType = text.plist.xml; path = Info.plist; sourceTree = "<group>"; };
		D97715E223E6044500F762E2 /* PlaySoundsViewController.swift */ = {isa = PBXFileReference; lastKnownFileType = sourcecode.swift; path = PlaySoundsViewController.swift; sourceTree = "<group>"; };
/* End PBXFileReference section */

/* Begin PBXFrameworksBuildPhase section */
		D97715C823E5EA3800F762E2 /* Frameworks */ = {
			isa = PBXFrameworksBuildPhase;
			buildActionMask = 2147483647;
			files = (
			);
			runOnlyForDeploymentPostprocessing = 0;
		};
/* End PBXFrameworksBuildPhase section */

/* Begin PBXGroup section */
		D97715C223E5EA3800F762E2 = {
			isa = PBXGroup;
			children = (
				D97715CD23E5EA3800F762E2 /* VoiceRecorderApp */,
				D97715CC23E5EA3800F762E2 /* Products */,
			);
			sourceTree = "<group>";
		};
		D97715CC23E5EA3800F762E2 /* Products */ = {
			isa = PBXGroup;
			children = (
				D97715CB23E5EA3800F762E2 /* VoiceRecorderApp.app */,
			);
			name = Products;
			sourceTree = "<group>";
		};
		D97715CD23E5EA3800F762E2 /* VoiceRecorderApp */ = {
			isa = PBXGroup;
			children = (
				D97715CE23E5EA3800F762E2 /* AppDelegate.swift */,
				D97715D023E5EA3800F762E2 /* SceneDelegate.swift */,
				D97715D223E5EA3800F762E2 /* RecordSoundsViewController.swift */,
				D97715D423E5EA3800F762E2 /* Main.storyboard */,
				D97715D723E5EA3900F762E2 /* Assets.xcassets */,
				D97715D923E5EA3900F762E2 /* LaunchScreen.storyboard */,
				D97715DC23E5EA3900F762E2 /* Info.plist */,
				D97715E223E6044500F762E2 /* PlaySoundsViewController.swift */,
			);
			path = VoiceRecorderApp;
			sourceTree = "<group>";
		};
/* End PBXGroup section */

/* Begin PBXNativeTarget section */
		D97715CA23E5EA3800F762E2 /* VoiceRecorderApp */ = {
			isa = PBXNativeTarget;
			buildConfigurationList = D97715DF23E5EA3900F762E2 /* Build configuration list for PBXNativeTarget "VoiceRecorderApp" */;
			buildPhases = (
				D97715C723E5EA3800F762E2 /* Sources */,
				D97715C823E5EA3800F762E2 /* Frameworks */,
				D97715C923E5EA3800F762E2 /* Resources */,
			);
			buildRules = (
			);
			dependencies = (
			);
			name = VoiceRecorderApp;
			productName = VoiceRecorderApp;
			productReference = D97715CB23E5EA3800F762E2 /* VoiceRecorderApp.app */;
			productType = "com.apple.product-type.application";
		};
/* End PBXNativeTarget section */

/* Begin PBXProject section */
		D97715C323E5EA3800F762E2 /* Project object */ = {
			isa = PBXProject;
			attributes = {
				LastSwiftUpdateCheck = 1130;
				LastUpgradeCheck = 1130;
				ORGANIZATIONNAME = ByRamon;
				TargetAttributes = {
					D97715CA23E5EA3800F762E2 = {
						CreatedOnToolsVersion = 11.3.1;
					};
				};
			};
			buildConfigurationList = D97715C623E5EA3800F762E2 /* Build configuration list for PBXProject "VoiceRecorderApp" */;
			compatibilityVersion = "Xcode 9.3";
			developmentRegion = en;
			hasScannedForEncodings = 0;
			knownRegions = (
				en,
				Base,
			);
			mainGroup = D97715C223E5EA3800F762E2;
			productRefGroup = D97715CC23E5EA3800F762E2 /* Products */;
			projectDirPath = "";
			projectRoot = "";
			targets = (
				D97715CA23E5EA3800F762E2 /* VoiceRecorderApp */,
			);
		};
/* End PBXProject section */

/* Begin PBXResourcesBuildPhase section */
		D97715C923E5EA3800F762E2 /* Resources */ = {
			isa = PBXResourcesBuildPhase;
			buildActionMask = 2147483647;
			files = (
				D97715DB23E5EA3900F762E2 /* LaunchScreen.storyboard in Resources */,
				D97715D823E5EA3900F762E2 /* Assets.xcassets in Resources */,
				D97715D623E5EA3800F762E2 /* Main.storyboard in Resources */,
			);
			runOnlyForDeploymentPostprocessing = 0;
		};
/* End PBXResourcesBuildPhase section */

/* Begin PBXSourcesBuildPhase section */
		D97715C723E5EA3800F762E2 /* Sources */ = {
			isa = PBXSourcesBuildPhase;
			buildActionMask = 2147483647;
			files = (
				D97715D323E5EA3800F762E2 /* RecordSoundsViewController.swift in Sources */,
				D97715CF23E5EA3800F762E2 /* AppDelegate.swift in Sources */,
				D97715E323E6044500F762E2 /* PlaySoundsViewController.swift in Sources */,
				D97715D123E5EA3800F762E2 /* SceneDelegate.swift in Sources */,
			);
			runOnlyForDeploymentPostprocessing = 0;
		};
/* End PBXSourcesBuildPhase section */

/* Begin PBXVariantGroup section */
		D97715D423E5EA3800F762E2 /* Main.storyboard */ = {
			isa = PBXVariantGroup;
			children = (
				D97715D523E5EA3800F762E2 /* Base */,
			);
			name = Main.storyboard;
			sourceTree = "<group>";
		};
		D97715D923E5EA3900F762E2 /* LaunchScreen.storyboard */ = {
			isa = PBXVariantGroup;
			children = (
				D97715DA23E5EA3900F762E2 /* Base */,
			);
			name = LaunchScreen.storyboard;
			sourceTree = "<group>";
		};
/* End PBXVariantGroup section */

/* Begin XCBuildConfiguration section */
		D97715DD23E5EA3900F762E2 /* Debug */ = {
			isa = XCBuildConfiguration;
			buildSettings = {
				ALWAYS_SEARCH_USER_PATHS = NO;
				CLANG_ANALYZER_NONNULL = YES;
				CLANG_ANALYZER_NUMBER_OBJECT_CONVERSION = YES_AGGRESSIVE;
				CLANG_CXX_LANGUAGE_STANDARD = "gnu++14";
				CLANG_CXX_LIBRARY = "libc++";
				CLANG_ENABLE_MODULES = YES;
				CLANG_ENABLE_OBJC_ARC = YES;
				CLANG_ENABLE_OBJC_WEAK = YES;
				CLANG_WARN_BLOCK_CAPTURE_AUTORELEASING = YES;
				CLANG_WARN_BOOL_CONVERSION = YES;
				CLANG_WARN_COMMA = YES;
				CLANG_WARN_CONSTANT_CONVERSION = YES;
				CLANG_WARN_DEPRECATED_OBJC_IMPLEMENTATIONS = YES;
				CLANG_WARN_DIRECT_OBJC_ISA_USAGE = YES_ERROR;
				CLANG_WARN_DOCUMENTATION_COMMENTS = YES;
				CLANG_WARN_EMPTY_BODY = YES;
				CLANG_WARN_ENUM_CONVERSION = YES;
				CLANG_WARN_INFINITE_RECURSION = YES;
				CLANG_WARN_INT_CONVERSION = YES;
				CLANG_WARN_NON_LITERAL_NULL_CONVERSION = YES;
				CLANG_WARN_OBJC_IMPLICIT_RETAIN_SELF = YES;
				CLANG_WARN_OBJC_LITERAL_CONVERSION = YES;
				CLANG_WARN_OBJC_ROOT_CLASS = YES_ERROR;
				CLANG_WARN_RANGE_LOOP_ANALYSIS = YES;
				CLANG_WARN_STRICT_PROTOTYPES = YES;
				CLANG_WARN_SUSPICIOUS_MOVE = YES;
				CLANG_WARN_UNGUARDED_AVAILABILITY = YES_AGGRESSIVE;
				CLANG_WARN_UNREACHABLE_CODE = YES;
				CLANG_WARN__DUPLICATE_METHOD_MATCH = YES;
				COPY_PHASE_STRIP = NO;
				DEBUG_INFORMATION_FORMAT = dwarf;
				ENABLE_STRICT_OBJC_MSGSEND = YES;
				ENABLE_TESTABILITY = YES;
				GCC_C_LANGUAGE_STANDARD = gnu11;
				GCC_DYNAMIC_NO_PIC = NO;
				GCC_NO_COMMON_BLOCKS = YES;
				GCC_OPTIMIZATION_LEVEL = 0;
				GCC_PREPROCESSOR_DEFINITIONS = (
					"DEBUG=1",
					"$(inherited)",
				);
				GCC_WARN_64_TO_32_BIT_CONVERSION = YES;
				GCC_WARN_ABOUT_RETURN_TYPE = YES_ERROR;
				GCC_WARN_UNDECLARED_SELECTOR = YES;
				GCC_WARN_UNINITIALIZED_AUTOS = YES_AGGRESSIVE;
				GCC_WARN_UNUSED_FUNCTION = YES;
				GCC_WARN_UNUSED_VARIABLE = YES;
				IPHONEOS_DEPLOYMENT_TARGET = 13.2;
				MTL_ENABLE_DEBUG_INFO = INCLUDE_SOURCE;
				MTL_FAST_MATH = YES;
				ONLY_ACTIVE_ARCH = YES;
				SDKROOT = iphoneos;
				SWIFT_ACTIVE_COMPILATION_CONDITIONS = DEBUG;
				SWIFT_OPTIMIZATION_LEVEL = "-Onone";
			};
			name = Debug;
		};
		D97715DE23E5EA3900F762E2 /* Release */ = {
			isa = XCBuildConfiguration;
			buildSettings = {
				ALWAYS_SEARCH_USER_PATHS = NO;
				CLANG_ANALYZER_NONNULL = YES;
				CLANG_ANALYZER_NUMBER_OBJECT_CONVERSION = YES_AGGRESSIVE;
				CLANG_CXX_LANGUAGE_STANDARD = "gnu++14";
				CLANG_CXX_LIBRARY = "libc++";
				CLANG_ENABLE_MODULES = YES;
				CLANG_ENABLE_OBJC_ARC = YES;
				CLANG_ENABLE_OBJC_WEAK = YES;
				CLANG_WARN_BLOCK_CAPTURE_AUTORELEASING = YES;
				CLANG_WARN_BOOL_CONVERSION = YES;
				CLANG_WARN_COMMA = YES;
				CLANG_WARN_CONSTANT_CONVERSION = YES;
				CLANG_WARN_DEPRECATED_OBJC_IMPLEMENTATIONS = YES;
				CLANG_WARN_DIRECT_OBJC_ISA_USAGE = YES_ERROR;
				CLANG_WARN_DOCUMENTATION_COMMENTS = YES;
				CLANG_WARN_EMPTY_BODY = YES;
				CLANG_WARN_ENUM_CONVERSION = YES;
				CLANG_WARN_INFINITE_RECURSION = YES;
				CLANG_WARN_INT_CONVERSION = YES;
				CLANG_WARN_NON_LITERAL_NULL_CONVERSION = YES;
				CLANG_WARN_OBJC_IMPLICIT_RETAIN_SELF = YES;
				CLANG_WARN_OBJC_LITERAL_CONVERSION = YES;
				CLANG_WARN_OBJC_ROOT_CLASS = YES_ERROR;
				CLANG_WARN_RANGE_LOOP_ANALYSIS = YES;
				CLANG_WARN_STRICT_PROTOTYPES = YES;
				CLANG_WARN_SUSPICIOUS_MOVE = YES;
				CLANG_WARN_UNGUARDED_AVAILABILITY = YES_AGGRESSIVE;
				CLANG_WARN_UNREACHABLE_CODE = YES;
				CLANG_WARN__DUPLICATE_METHOD_MATCH = YES;
				COPY_PHASE_STRIP = NO;
				DEBUG_INFORMATION_FORMAT = "dwarf-with-dsym";
				ENABLE_NS_ASSERTIONS = NO;
				ENABLE_STRICT_OBJC_MSGSEND = YES;
				GCC_C_LANGUAGE_STANDARD = gnu11;
				GCC_NO_COMMON_BLOCKS = YES;
				GCC_WARN_64_TO_32_BIT_CONVERSION = YES;
				GCC_WARN_ABOUT_RETURN_TYPE = YES_ERROR;
				GCC_WARN_UNDECLARED_SELECTOR = YES;
				GCC_WARN_UNINITIALIZED_AUTOS = YES_AGGRESSIVE;
				GCC_WARN_UNUSED_FUNCTION = YES;
				GCC_WARN_UNUSED_VARIABLE = YES;
				IPHONEOS_DEPLOYMENT_TARGET = 13.2;
				MTL_ENABLE_DEBUG_INFO = NO;
				MTL_FAST_MATH = YES;
				SDKROOT = iphoneos;
				SWIFT_COMPILATION_MODE = wholemodule;
				SWIFT_OPTIMIZATION_LEVEL = "-O";
				VALIDATE_PRODUCT = YES;
			};
			name = Release;
		};
		D97715E023E5EA3900F762E2 /* Debug */ = {
			isa = XCBuildConfiguration;
			buildSettings = {
				ASSETCATALOG_COMPILER_APPICON_NAME = AppIcon;
				CODE_SIGN_STYLE = Automatic;
				DEVELOPMENT_TEAM = 7GX7MKQC59;
				INFOPLIST_FILE = VoiceRecorderApp/Info.plist;
				LD_RUNPATH_SEARCH_PATHS = (
					"$(inherited)",
					"@executable_path/Frameworks",
				);
				PRODUCT_BUNDLE_IDENTIFIER = mx.edu.delasalle.VoiceRecorderApp;
				PRODUCT_NAME = "$(TARGET_NAME)";
				SWIFT_VERSION = 5.0;
				TARGETED_DEVICE_FAMILY = "1,2";
			};
			name = Debug;
		};
		D97715E123E5EA3900F762E2 /* Release */ = {
			isa = XCBuildConfiguration;
			buildSettings = {
				ASSETCATALOG_COMPILER_APPICON_NAME = AppIcon;
				CODE_SIGN_STYLE = Automatic;
				DEVELOPMENT_TEAM = 7GX7MKQC59;
				INFOPLIST_FILE = VoiceRecorderApp/Info.plist;
				LD_RUNPATH_SEARCH_PATHS = (
					"$(inherited)",
					"@executable_path/Frameworks",
				);
				PRODUCT_BUNDLE_IDENTIFIER = mx.edu.delasalle.VoiceRecorderApp;
				PRODUCT_NAME = "$(TARGET_NAME)";
				SWIFT_VERSION = 5.0;
				TARGETED_DEVICE_FAMILY = "1,2";
			};
			name = Release;
		};
/* End XCBuildConfiguration section */

/* Begin XCConfigurationList section */
		D97715C623E5EA3800F762E2 /* Build configuration list for PBXProject "VoiceRecorderApp" */ = {
			isa = XCConfigurationList;
			buildConfigurations = (
				D97715DD23E5EA3900F762E2 /* Debug */,
				D97715DE23E5EA3900F762E2 /* Release */,
			);
			defaultConfigurationIsVisible = 0;
			defaultConfigurationName = Release;
		};
		D97715DF23E5EA3900F762E2 /* Build configuration list for PBXNativeTarget "VoiceRecorderApp" */ = {
			isa = XCConfigurationList;
			buildConfigurations = (
				D97715E023E5EA3900F762E2 /* Debug */,
				D97715E123E5EA3900F762E2 /* Release */,
			);
			defaultConfigurationIsVisible = 0;
			defaultConfigurationName = Release;
		};
/* End XCConfigurationList section */
	};
	rootObject = D97715C323E5EA3800F762E2 /* Project object */;
}
